// !$*UTF8*$!
{
	archiveVersion = 1;
	classes = {
	};
	objectVersion = 46;
	objects = {

/* Begin PBXBuildFile section */
		5BA848EC1986E45C00AB8723 /* AppDelegate.swift in Sources */ = {isa = PBXBuildFile; fileRef = 5BA848EB1986E45C00AB8723 /* AppDelegate.swift */; };
		5BA848EE1986E45C00AB8723 /* ViewController.swift in Sources */ = {isa = PBXBuildFile; fileRef = 5BA848ED1986E45C00AB8723 /* ViewController.swift */; };
		5BA848F11986E45C00AB8723 /* Main.storyboard in Resources */ = {isa = PBXBuildFile; fileRef = 5BA848EF1986E45C00AB8723 /* Main.storyboard */; };
		5BA848F31986E45C00AB8723 /* Images.xcassets in Resources */ = {isa = PBXBuildFile; fileRef = 5BA848F21986E45C00AB8723 /* Images.xcassets */; };
		5BA848FF1986E45C00AB8723 /* StackOverFlowClientTests.swift in Sources */ = {isa = PBXBuildFile; fileRef = 5BA848FE1986E45C00AB8723 /* StackOverFlowClientTests.swift */; };
		5BA8490C1986E53600AB8723 /* Question.swift in Sources */ = {isa = PBXBuildFile; fileRef = 5BA8490B1986E53600AB8723 /* Question.swift */; };
		5BA8490D1986E53600AB8723 /* Question.swift in Sources */ = {isa = PBXBuildFile; fileRef = 5BA8490B1986E53600AB8723 /* Question.swift */; };
		5BA8490F1986E54F00AB8723 /* User.swift in Sources */ = {isa = PBXBuildFile; fileRef = 5BA8490E1986E54F00AB8723 /* User.swift */; };
		5BA849101986E54F00AB8723 /* User.swift in Sources */ = {isa = PBXBuildFile; fileRef = 5BA8490E1986E54F00AB8723 /* User.swift */; };
		5BA849121986E56A00AB8723 /* Answer.swift in Sources */ = {isa = PBXBuildFile; fileRef = 5BA849111986E56A00AB8723 /* Answer.swift */; };
		5BA849131986E56A00AB8723 /* Answer.swift in Sources */ = {isa = PBXBuildFile; fileRef = 5BA849111986E56A00AB8723 /* Answer.swift */; };
		5BA849181986E69A00AB8723 /* StackOverFlowTest.swift in Sources */ = {isa = PBXBuildFile; fileRef = 5BA849171986E69A00AB8723 /* StackOverFlowTest.swift */; };
		5BD935511987381B00A79055 /* QuestionPseudo.geojson in Resources */ = {isa = PBXBuildFile; fileRef = 5BD935501987381B00A79055 /* QuestionPseudo.geojson */; };
		5BD935521987381B00A79055 /* QuestionPseudo.geojson in Resources */ = {isa = PBXBuildFile; fileRef = 5BD935501987381B00A79055 /* QuestionPseudo.geojson */; };
		5BD935541987386A00A79055 /* AnswerPseudo.geojson in Resources */ = {isa = PBXBuildFile; fileRef = 5BD935531987386A00A79055 /* AnswerPseudo.geojson */; };
		5BD935551987386A00A79055 /* AnswerPseudo.geojson in Resources */ = {isa = PBXBuildFile; fileRef = 5BD935531987386A00A79055 /* AnswerPseudo.geojson */; };
		5BD9355719873C3000A79055 /* UserPseudo.geojson in Resources */ = {isa = PBXBuildFile; fileRef = 5BD9355619873C3000A79055 /* UserPseudo.geojson */; };
		5BD9355819873C3000A79055 /* UserPseudo.geojson in Resources */ = {isa = PBXBuildFile; fileRef = 5BD9355619873C3000A79055 /* UserPseudo.geojson */; };
/* End PBXBuildFile section */

/* Begin PBXContainerItemProxy section */
		5BA848F91986E45C00AB8723 /* PBXContainerItemProxy */ = {
			isa = PBXContainerItemProxy;
			containerPortal = 5BA848DE1986E45C00AB8723 /* Project object */;
			proxyType = 1;
			remoteGlobalIDString = 5BA848E51986E45C00AB8723;
			remoteInfo = StackOverFlowClient;
		};
/* End PBXContainerItemProxy section */

/* Begin PBXFileReference section */
		5BA848E61986E45C00AB8723 /* StackOverFlowClient.app */ = {isa = PBXFileReference; explicitFileType = wrapper.application; includeInIndex = 0; path = StackOverFlowClient.app; sourceTree = BUILT_PRODUCTS_DIR; };
		5BA848EA1986E45C00AB8723 /* Info.plist */ = {isa = PBXFileReference; lastKnownFileType = text.plist.xml; path = Info.plist; sourceTree = "<group>"; };
		5BA848EB1986E45C00AB8723 /* AppDelegate.swift */ = {isa = PBXFileReference; lastKnownFileType = sourcecode.swift; path = AppDelegate.swift; sourceTree = "<group>"; };
		5BA848ED1986E45C00AB8723 /* ViewController.swift */ = {isa = PBXFileReference; lastKnownFileType = sourcecode.swift; path = ViewController.swift; sourceTree = "<group>"; };
		5BA848F01986E45C00AB8723 /* Base */ = {isa = PBXFileReference; lastKnownFileType = file.storyboard; name = Base; path = Base.lproj/Main.storyboard; sourceTree = "<group>"; };
		5BA848F21986E45C00AB8723 /* Images.xcassets */ = {isa = PBXFileReference; lastKnownFileType = folder.assetcatalog; path = Images.xcassets; sourceTree = "<group>"; };
		5BA848F81986E45C00AB8723 /* StackOverFlowClientTests.xctest */ = {isa = PBXFileReference; explicitFileType = wrapper.cfbundle; includeInIndex = 0; path = StackOverFlowClientTests.xctest; sourceTree = BUILT_PRODUCTS_DIR; };
		5BA848FD1986E45C00AB8723 /* Info.plist */ = {isa = PBXFileReference; lastKnownFileType = text.plist.xml; path = Info.plist; sourceTree = "<group>"; };
		5BA848FE1986E45C00AB8723 /* StackOverFlowClientTests.swift */ = {isa = PBXFileReference; lastKnownFileType = sourcecode.swift; path = StackOverFlowClientTests.swift; sourceTree = "<group>"; };
		5BA8490B1986E53600AB8723 /* Question.swift */ = {isa = PBXFileReference; fileEncoding = 4; lastKnownFileType = sourcecode.swift; path = Question.swift; sourceTree = "<group>"; };
		5BA8490E1986E54F00AB8723 /* User.swift */ = {isa = PBXFileReference; fileEncoding = 4; lastKnownFileType = sourcecode.swift; path = User.swift; sourceTree = "<group>"; };
		5BA849111986E56A00AB8723 /* Answer.swift */ = {isa = PBXFileReference; fileEncoding = 4; lastKnownFileType = sourcecode.swift; path = Answer.swift; sourceTree = "<group>"; };
		5BA849171986E69A00AB8723 /* StackOverFlowTest.swift */ = {isa = PBXFileReference; fileEncoding = 4; lastKnownFileType = sourcecode.swift; path = StackOverFlowTest.swift; sourceTree = "<group>"; };
		5BD935501987381B00A79055 /* QuestionPseudo.geojson */ = {isa = PBXFileReference; fileEncoding = 4; lastKnownFileType = text; path = QuestionPseudo.geojson; sourceTree = "<group>"; };
		5BD935531987386A00A79055 /* AnswerPseudo.geojson */ = {isa = PBXFileReference; fileEncoding = 4; lastKnownFileType = text; path = AnswerPseudo.geojson; sourceTree = "<group>"; };
		5BD9355619873C3000A79055 /* UserPseudo.geojson */ = {isa = PBXFileReference; fileEncoding = 4; lastKnownFileType = text; path = UserPseudo.geojson; sourceTree = "<group>"; };
/* End PBXFileReference section */

/* Begin PBXFrameworksBuildPhase section */
		5BA848E31986E45C00AB8723 /* Frameworks */ = {
			isa = PBXFrameworksBuildPhase;
			buildActionMask = 2147483647;
			files = (
			);
			runOnlyForDeploymentPostprocessing = 0;
		};
		5BA848F51986E45C00AB8723 /* Frameworks */ = {
			isa = PBXFrameworksBuildPhase;
			buildActionMask = 2147483647;
			files = (
			);
			runOnlyForDeploymentPostprocessing = 0;
		};
/* End PBXFrameworksBuildPhase section */

/* Begin PBXGroup section */
		5BA848DD1986E45C00AB8723 = {
			isa = PBXGroup;
			children = (
				5BA848E81986E45C00AB8723 /* StackOverFlowClient */,
				5BA848FB1986E45C00AB8723 /* StackOverFlowClientTests */,
				5BA848E71986E45C00AB8723 /* Products */,
			);
			sourceTree = "<group>";
		};
		5BA848E71986E45C00AB8723 /* Products */ = {
			isa = PBXGroup;
			children = (
				5BA848E61986E45C00AB8723 /* StackOverFlowClient.app */,
				5BA848F81986E45C00AB8723 /* StackOverFlowClientTests.xctest */,
			);
			name = Products;
			sourceTree = "<group>";
		};
		5BA848E81986E45C00AB8723 /* StackOverFlowClient */ = {
			isa = PBXGroup;
			children = (
				5BA8490A1986E48200AB8723 /* Controllers */,
				5BA849091986E47800AB8723 /* Models */,
				5BA849081986E46D00AB8723 /* Views */,
				5BA848F21986E45C00AB8723 /* Images.xcassets */,
				5BA848E91986E45C00AB8723 /* Supporting Files */,
			);
			path = StackOverFlowClient;
			sourceTree = "<group>";
		};
		5BA848E91986E45C00AB8723 /* Supporting Files */ = {
			isa = PBXGroup;
			children = (
				5BA848EA1986E45C00AB8723 /* Info.plist */,
			);
			name = "Supporting Files";
			sourceTree = "<group>";
		};
		5BA848FB1986E45C00AB8723 /* StackOverFlowClientTests */ = {
			isa = PBXGroup;
			children = (
				5BA848FE1986E45C00AB8723 /* StackOverFlowClientTests.swift */,
				5BA849171986E69A00AB8723 /* StackOverFlowTest.swift */,
				5BA848FC1986E45C00AB8723 /* Supporting Files */,
			);
			path = StackOverFlowClientTests;
			sourceTree = "<group>";
		};
		5BA848FC1986E45C00AB8723 /* Supporting Files */ = {
			isa = PBXGroup;
			children = (
				5BA848FD1986E45C00AB8723 /* Info.plist */,
			);
			name = "Supporting Files";
			sourceTree = "<group>";
		};
		5BA849081986E46D00AB8723 /* Views */ = {
			isa = PBXGroup;
			children = (
				5BA848EF1986E45C00AB8723 /* Main.storyboard */,
			);
			name = Views;
			sourceTree = "<group>";
		};
		5BA849091986E47800AB8723 /* Models */ = {
			isa = PBXGroup;
			children = (
				5BA8490B1986E53600AB8723 /* Question.swift */,
				5BA8490E1986E54F00AB8723 /* User.swift */,
				5BA849111986E56A00AB8723 /* Answer.swift */,
				5BD935501987381B00A79055 /* QuestionPseudo.geojson */,
				5BD935531987386A00A79055 /* AnswerPseudo.geojson */,
				5BD9355619873C3000A79055 /* UserPseudo.geojson */,
			);
			name = Models;
			sourceTree = "<group>";
		};
		5BA8490A1986E48200AB8723 /* Controllers */ = {
			isa = PBXGroup;
			children = (
				5BA848EB1986E45C00AB8723 /* AppDelegate.swift */,
				5BA848ED1986E45C00AB8723 /* ViewController.swift */,
			);
			name = Controllers;
			sourceTree = "<group>";
		};
/* End PBXGroup section */

/* Begin PBXNativeTarget section */
		5BA848E51986E45C00AB8723 /* StackOverFlowClient */ = {
			isa = PBXNativeTarget;
			buildConfigurationList = 5BA849021986E45C00AB8723 /* Build configuration list for PBXNativeTarget "StackOverFlowClient" */;
			buildPhases = (
				5BA848E21986E45C00AB8723 /* Sources */,
				5BA848E31986E45C00AB8723 /* Frameworks */,
				5BA848E41986E45C00AB8723 /* Resources */,
			);
			buildRules = (
			);
			dependencies = (
			);
			name = StackOverFlowClient;
			productName = StackOverFlowClient;
			productReference = 5BA848E61986E45C00AB8723 /* StackOverFlowClient.app */;
			productType = "com.apple.product-type.application";
		};
		5BA848F71986E45C00AB8723 /* StackOverFlowClientTests */ = {
			isa = PBXNativeTarget;
			buildConfigurationList = 5BA849051986E45C00AB8723 /* Build configuration list for PBXNativeTarget "StackOverFlowClientTests" */;
			buildPhases = (
				5BA848F41986E45C00AB8723 /* Sources */,
				5BA848F51986E45C00AB8723 /* Frameworks */,
				5BA848F61986E45C00AB8723 /* Resources */,
			);
			buildRules = (
			);
			dependencies = (
				5BA848FA1986E45C00AB8723 /* PBXTargetDependency */,
			);
			name = StackOverFlowClientTests;
			productName = StackOverFlowClientTests;
			productReference = 5BA848F81986E45C00AB8723 /* StackOverFlowClientTests.xctest */;
			productType = "com.apple.product-type.bundle.unit-test";
		};
/* End PBXNativeTarget section */

/* Begin PBXProject section */
		5BA848DE1986E45C00AB8723 /* Project object */ = {
			isa = PBXProject;
			attributes = {
				LastUpgradeCheck = 0600;
				ORGANIZATIONNAME = "Victor  Adu";
				TargetAttributes = {
					5BA848E51986E45C00AB8723 = {
						CreatedOnToolsVersion = 6.0;
					};
					5BA848F71986E45C00AB8723 = {
						CreatedOnToolsVersion = 6.0;
						TestTargetID = 5BA848E51986E45C00AB8723;
					};
				};
			};
			buildConfigurationList = 5BA848E11986E45C00AB8723 /* Build configuration list for PBXProject "StackOverFlowClient" */;
			compatibilityVersion = "Xcode 3.2";
			developmentRegion = English;
			hasScannedForEncodings = 0;
			knownRegions = (
				en,
				Base,
			);
			mainGroup = 5BA848DD1986E45C00AB8723;
			productRefGroup = 5BA848E71986E45C00AB8723 /* Products */;
			projectDirPath = "";
			projectRoot = "";
			targets = (
				5BA848E51986E45C00AB8723 /* StackOverFlowClient */,
				5BA848F71986E45C00AB8723 /* StackOverFlowClientTests */,
			);
		};
/* End PBXProject section */

/* Begin PBXResourcesBuildPhase section */
		5BA848E41986E45C00AB8723 /* Resources */ = {
			isa = PBXResourcesBuildPhase;
			buildActionMask = 2147483647;
			files = (
				5BA848F11986E45C00AB8723 /* Main.storyboard in Resources */,
				5BA848F31986E45C00AB8723 /* Images.xcassets in Resources */,
				5BD935511987381B00A79055 /* QuestionPseudo.geojson in Resources */,
				5BD935541987386A00A79055 /* AnswerPseudo.geojson in Resources */,
				5BD9355719873C3000A79055 /* UserPseudo.geojson in Resources */,
			);
			runOnlyForDeploymentPostprocessing = 0;
		};
		5BA848F61986E45C00AB8723 /* Resources */ = {
			isa = PBXResourcesBuildPhase;
			buildActionMask = 2147483647;
			files = (
				5BD9355819873C3000A79055 /* UserPseudo.geojson in Resources */,
				5BD935521987381B00A79055 /* QuestionPseudo.geojson in Resources */,
				5BD935551987386A00A79055 /* AnswerPseudo.geojson in Resources */,
			);
			runOnlyForDeploymentPostprocessing = 0;
		};
/* End PBXResourcesBuildPhase section */

/* Begin PBXSourcesBuildPhase section */
		5BA848E21986E45C00AB8723 /* Sources */ = {
			isa = PBXSourcesBuildPhase;
			buildActionMask = 2147483647;
			files = (
				5BA8490F1986E54F00AB8723 /* User.swift in Sources */,
				5BA848EE1986E45C00AB8723 /* ViewController.swift in Sources */,
				5BA849121986E56A00AB8723 /* Answer.swift in Sources */,
				5BA8490C1986E53600AB8723 /* Question.swift in Sources */,
				5BA848EC1986E45C00AB8723 /* AppDelegate.swift in Sources */,
			);
			runOnlyForDeploymentPostprocessing = 0;
		};
		5BA848F41986E45C00AB8723 /* Sources */ = {
			isa = PBXSourcesBuildPhase;
			buildActionMask = 2147483647;
			files = (
				5BA848FF1986E45C00AB8723 /* StackOverFlowClientTests.swift in Sources */,
				5BA8490D1986E53600AB8723 /* Question.swift in Sources */,
				5BA849101986E54F00AB8723 /* User.swift in Sources */,
				5BA849181986E69A00AB8723 /* StackOverFlowTest.swift in Sources */,
				5BA849131986E56A00AB8723 /* Answer.swift in Sources */,
			);
			runOnlyForDeploymentPostprocessing = 0;
		};
/* End PBXSourcesBuildPhase section */

/* Begin PBXTargetDependency section */
		5BA848FA1986E45C00AB8723 /* PBXTargetDependency */ = {
			isa = PBXTargetDependency;
			target = 5BA848E51986E45C00AB8723 /* StackOverFlowClient */;
			targetProxy = 5BA848F91986E45C00AB8723 /* PBXContainerItemProxy */;
		};
/* End PBXTargetDependency section */

/* Begin PBXVariantGroup section */
		5BA848EF1986E45C00AB8723 /* Main.storyboard */ = {
			isa = PBXVariantGroup;
			children = (
				5BA848F01986E45C00AB8723 /* Base */,
			);
			name = Main.storyboard;
			sourceTree = "<group>";
		};
/* End PBXVariantGroup section */

/* Begin XCBuildConfiguration section */
		5BA849001986E45C00AB8723 /* Debug */ = {
			isa = XCBuildConfiguration;
			buildSettings = {
				ALWAYS_SEARCH_USER_PATHS = NO;
				CLANG_CXX_LANGUAGE_STANDARD = "gnu++0x";
				CLANG_CXX_LIBRARY = "libc++";
				CLANG_ENABLE_MODULES = YES;
				CLANG_ENABLE_OBJC_ARC = YES;
				CLANG_WARN_BOOL_CONVERSION = YES;
				CLANG_WARN_CONSTANT_CONVERSION = YES;
				CLANG_WARN_DIRECT_OBJC_ISA_USAGE = YES_ERROR;
				CLANG_WARN_EMPTY_BODY = YES;
				CLANG_WARN_ENUM_CONVERSION = YES;
				CLANG_WARN_INT_CONVERSION = YES;
				CLANG_WARN_OBJC_ROOT_CLASS = YES_ERROR;
				CLANG_WARN_UNREACHABLE_CODE = YES;
				CLANG_WARN__DUPLICATE_METHOD_MATCH = YES;
				"CODE_SIGN_IDENTITY[sdk=iphoneos*]" = "iPhone Developer";
				COPY_PHASE_STRIP = NO;
				ENABLE_STRICT_OBJC_MSGSEND = YES;
				GCC_C_LANGUAGE_STANDARD = gnu99;
				GCC_DYNAMIC_NO_PIC = NO;
				GCC_OPTIMIZATION_LEVEL = 0;
				GCC_PREPROCESSOR_DEFINITIONS = (
					"DEBUG=1",
					"$(inherited)",
				);
				GCC_SYMBOLS_PRIVATE_EXTERN = NO;
				GCC_WARN_64_TO_32_BIT_CONVERSION = YES;
				GCC_WARN_ABOUT_RETURN_TYPE = YES_ERROR;
				GCC_WARN_UNDECLARED_SELECTOR = YES;
				GCC_WARN_UNINITIALIZED_AUTOS = YES_AGGRESSIVE;
				GCC_WARN_UNUSED_FUNCTION = YES;
				GCC_WARN_UNUSED_VARIABLE = YES;
				IPHONEOS_DEPLOYMENT_TARGET = 8.0;
				MTL_ENABLE_DEBUG_INFO = YES;
				ONLY_ACTIVE_ARCH = YES;
				SDKROOT = iphoneos;
				SWIFT_OPTIMIZATION_LEVEL = "-Onone";
				TARGETED_DEVICE_FAMILY = "1,2";
			};
			name = Debug;
		};
		5BA849011986E45C00AB8723 /* Release */ = {
			isa = XCBuildConfiguration;
			buildSettings = {
				ALWAYS_SEARCH_USER_PATHS = NO;
				CLANG_CXX_LANGUAGE_STANDARD = "gnu++0x";
				CLANG_CXX_LIBRARY = "libc++";
				CLANG_ENABLE_MODULES = YES;
				CLANG_ENABLE_OBJC_ARC = YES;
				CLANG_WARN_BOOL_CONVERSION = YES;
				CLANG_WARN_CONSTANT_CONVERSION = YES;
				CLANG_WARN_DIRECT_OBJC_ISA_USAGE = YES_ERROR;
				CLANG_WARN_EMPTY_BODY = YES;
				CLANG_WARN_ENUM_CONVERSION = YES;
				CLANG_WARN_INT_CONVERSION = YES;
				CLANG_WARN_OBJC_ROOT_CLASS = YES_ERROR;
				CLANG_WARN_UNREACHABLE_CODE = YES;
				CLANG_WARN__DUPLICATE_METHOD_MATCH = YES;
				"CODE_SIGN_IDENTITY[sdk=iphoneos*]" = "iPhone Developer";
				COPY_PHASE_STRIP = YES;
				ENABLE_NS_ASSERTIONS = NO;
				ENABLE_STRICT_OBJC_MSGSEND = YES;
				GCC_C_LANGUAGE_STANDARD = gnu99;
				GCC_WARN_64_TO_32_BIT_CONVERSION = YES;
				GCC_WARN_ABOUT_RETURN_TYPE = YES_ERROR;
				GCC_WARN_UNDECLARED_SELECTOR = YES;
				GCC_WARN_UNINITIALIZED_AUTOS = YES_AGGRESSIVE;
				GCC_WARN_UNUSED_FUNCTION = YES;
				GCC_WARN_UNUSED_VARIABLE = YES;
				IPHONEOS_DEPLOYMENT_TARGET = 8.0;
				MTL_ENABLE_DEBUG_INFO = NO;
				SDKROOT = iphoneos;
				TARGETED_DEVICE_FAMILY = "1,2";
				VALIDATE_PRODUCT = YES;
			};
			name = Release;
		};
		5BA849031986E45C00AB8723 /* Debug */ = {
			isa = XCBuildConfiguration;
			buildSettings = {
				ASSETCATALOG_COMPILER_APPICON_NAME = AppIcon;
				ASSETCATALOG_COMPILER_LAUNCHIMAGE_NAME = LaunchImage;
				INFOPLIST_FILE = StackOverFlowClient/Info.plist;
				IPHONEOS_DEPLOYMENT_TARGET = 8.0;
				LD_RUNPATH_SEARCH_PATHS = "$(inherited) @executable_path/Frameworks";
				PRODUCT_NAME = "$(TARGET_NAME)";
			};
			name = Debug;
		};
		5BA849041986E45C00AB8723 /* Release */ = {
			isa = XCBuildConfiguration;
			buildSettings = {
				ASSETCATALOG_COMPILER_APPICON_NAME = AppIcon;
				ASSETCATALOG_COMPILER_LAUNCHIMAGE_NAME = LaunchImage;
				INFOPLIST_FILE = StackOverFlowClient/Info.plist;
				IPHONEOS_DEPLOYMENT_TARGET = 8.0;
				LD_RUNPATH_SEARCH_PATHS = "$(inherited) @executable_path/Frameworks";
				PRODUCT_NAME = "$(TARGET_NAME)";
			};
			name = Release;
		};
		5BA849061986E45C00AB8723 /* Debug */ = {
			isa = XCBuildConfiguration;
			buildSettings = {
				BUNDLE_LOADER = "$(BUILT_PRODUCTS_DIR)/StackOverFlowClient.app/StackOverFlowClient";
				FRAMEWORK_SEARCH_PATHS = (
					"$(SDKROOT)/Developer/Library/Frameworks",
					"$(inherited)",
				);
				GCC_PREPROCESSOR_DEFINITIONS = (
					"DEBUG=1",
					"$(inherited)",
				);
				INFOPLIST_FILE = StackOverFlowClientTests/Info.plist;
				LD_RUNPATH_SEARCH_PATHS = "$(inherited) @executable_path/Frameworks @loader_path/Frameworks";
				PRODUCT_NAME = "$(TARGET_NAME)";
				TEST_HOST = "$(BUNDLE_LOADER)";
			};
			name = Debug;
		};
		5BA849071986E45C00AB8723 /* Release */ = {
			isa = XCBuildConfiguration;
			buildSettings = {
				BUNDLE_LOADER = "$(BUILT_PRODUCTS_DIR)/StackOverFlowClient.app/StackOverFlowClient";
				FRAMEWORK_SEARCH_PATHS = (
					"$(SDKROOT)/Developer/Library/Frameworks",
					"$(inherited)",
				);
				INFOPLIST_FILE = StackOverFlowClientTests/Info.plist;
				LD_RUNPATH_SEARCH_PATHS = "$(inherited) @executable_path/Frameworks @loader_path/Frameworks";
				PRODUCT_NAME = "$(TARGET_NAME)";
				TEST_HOST = "$(BUNDLE_LOADER)";
			};
			name = Release;
		};
/* End XCBuildConfiguration section */

/* Begin XCConfigurationList section */
		5BA848E11986E45C00AB8723 /* Build configuration list for PBXProject "StackOverFlowClient" */ = {
			isa = XCConfigurationList;
			buildConfigurations = (
				5BA849001986E45C00AB8723 /* Debug */,
				5BA849011986E45C00AB8723 /* Release */,
			);
			defaultConfigurationIsVisible = 0;
			defaultConfigurationName = Release;
		};
		5BA849021986E45C00AB8723 /* Build configuration list for PBXNativeTarget "StackOverFlowClient" */ = {
			isa = XCConfigurationList;
			buildConfigurations = (
				5BA849031986E45C00AB8723 /* Debug */,
				5BA849041986E45C00AB8723 /* Release */,
			);
			defaultConfigurationIsVisible = 0;
			defaultConfigurationName = Release;
		};
		5BA849051986E45C00AB8723 /* Build configuration list for PBXNativeTarget "StackOverFlowClientTests" */ = {
			isa = XCConfigurationList;
			buildConfigurations = (
				5BA849061986E45C00AB8723 /* Debug */,
				5BA849071986E45C00AB8723 /* Release */,
			);
			defaultConfigurationIsVisible = 0;
			defaultConfigurationName = Release;
		};
/* End XCConfigurationList section */
	};
	rootObject = 5BA848DE1986E45C00AB8723 /* Project object */;
}
